
Microsoft Visual Studio Solution File, Format Version 12.00
# Visual Studio Version 16
VisualStudioVersion = 16.0.31702.278
MinimumVisualStudioVersion = 10.0.40219.1
Project("{F184B08F-C81C-45F6-A57F-5ABD9991F28F}") = "oola", "oola\oola.vbproj", "{2A8777F1-E88C-4105-BBC3-F081BF5A22FA}"
EndProject
Global
	GlobalSection(SolutionConfigurationPlatforms) = preSolution
		Debug|Any CPU = Debug|Any CPU
		Release|Any CPU = Release|Any CPU
	EndGlobalSection
	GlobalSection(ProjectConfigurationPlatforms) = postSolution
		{2A8777F1-E88C-4105-BBC3-F081BF5A22FA}.Debug|Any CPU.ActiveCfg = Debug|Any CPU
		{2A8777F1-E88C-4105-BBC3-F081BF5A22FA}.Debug|Any CPU.Build.0 = Debug|Any CPU
		{2A8777F1-E88C-4105-BBC3-F081BF5A22FA}.Release|Any CPU.ActiveCfg = Release|Any CPU
		{2A8777F1-E88C-4105-BBC3-F081BF5A22FA}.Release|Any CPU.Build.0 = Release|Any CPU
	EndGlobalSection
	GlobalSection(SolutionProperties) = preSolution
		HideSolutionNode = FALSE
	EndGlobalSection
	GlobalSection(ExtensibilityGlobals) = postSolution
		SolutionGuid = {787127BD-9E6C-444B-A9A5-4ABBDF7DB1D7}
	EndGlobalSection
EndGlobal
